
Microsoft Visual Studio Solution File, Format Version 12.00
# Visual Studio Version 17
VisualStudioVersion = 17.6.33712.159
MinimumVisualStudioVersion = 10.0.40219.1
Project("{FAE04EC0-301F-11D3-BF4B-00C04F79EFBC}") = "webblogapi", "webblogapi\webblogapi.csproj", "{953C9DEB-EDFD-4418-8121-68ED435B7900}"
EndProject
Global
	GlobalSection(SolutionConfigurationPlatforms) = preSolution
		Debug|Any CPU = Debug|Any CPU
		Release|Any CPU = Release|Any CPU
	EndGlobalSection
	GlobalSection(ProjectConfigurationPlatforms) = postSolution
		{953C9DEB-EDFD-4418-8121-68ED435B7900}.Debug|Any CPU.ActiveCfg = Debug|Any CPU
		{953C9DEB-EDFD-4418-8121-68ED435B7900}.Debug|Any CPU.Build.0 = Debug|Any CPU
		{953C9DEB-EDFD-4418-8121-68ED435B7900}.Release|Any CPU.ActiveCfg = Release|Any CPU
		{953C9DEB-EDFD-4418-8121-68ED435B7900}.Release|Any CPU.Build.0 = Release|Any CPU
	EndGlobalSection
	GlobalSection(SolutionProperties) = preSolution
		HideSolutionNode = FALSE
	EndGlobalSection
	GlobalSection(ExtensibilityGlobals) = postSolution
		SolutionGuid = {5982AB54-AB34-471B-8613-9DF4B7B8A1EE}
	EndGlobalSection
EndGlobal
